
Microsoft Visual Studio Solution File, Format Version 12.00
# Visual Studio Version 17
VisualStudioVersion = 17.9.34714.143
MinimumVisualStudioVersion = 10.0.40219.1
Project("{FAE04EC0-301F-11D3-BF4B-00C04F79EFBC}") = "TripsData", "TripsData\TripsData.csproj", "{F02B68E3-81A9-4CA6-9291-E2A2D22D8877}"
EndProject
Global
	GlobalSection(SolutionConfigurationPlatforms) = preSolution
		Debug|Any CPU = Debug|Any CPU
		Release|Any CPU = Release|Any CPU
	EndGlobalSection
	GlobalSection(ProjectConfigurationPlatforms) = postSolution
		{F02B68E3-81A9-4CA6-9291-E2A2D22D8877}.Debug|Any CPU.ActiveCfg = Debug|Any CPU
		{F02B68E3-81A9-4CA6-9291-E2A2D22D8877}.Debug|Any CPU.Build.0 = Debug|Any CPU
		{F02B68E3-81A9-4CA6-9291-E2A2D22D8877}.Release|Any CPU.ActiveCfg = Release|Any CPU
		{F02B68E3-81A9-4CA6-9291-E2A2D22D8877}.Release|Any CPU.Build.0 = Release|Any CPU
	EndGlobalSection
	GlobalSection(SolutionProperties) = preSolution
		HideSolutionNode = FALSE
	EndGlobalSection
	GlobalSection(ExtensibilityGlobals) = postSolution
		SolutionGuid = {227BE3B1-C0ED-4B08-98AA-1829B18C3FFB}
	EndGlobalSection
EndGlobal
